// !$*UTF8*$!
{
	archiveVersion = 1;
	classes = {
	};
	objectVersion = 46;
	objects = {

/* Begin PBXBuildFile section */
		F7C4FBB91C3965C700CAD019 /* AppDelegate.swift in Sources */ = {isa = PBXBuildFile; fileRef = F7C4FBB81C3965C700CAD019 /* AppDelegate.swift */; };
		F7C4FBBB1C3965C700CAD019 /* ViewController.swift in Sources */ = {isa = PBXBuildFile; fileRef = F7C4FBBA1C3965C700CAD019 /* ViewController.swift */; };
		F7C4FBBE1C3965C700CAD019 /* Main.storyboard in Resources */ = {isa = PBXBuildFile; fileRef = F7C4FBBC1C3965C700CAD019 /* Main.storyboard */; };
		F7C4FBC01C3965C700CAD019 /* Assets.xcassets in Resources */ = {isa = PBXBuildFile; fileRef = F7C4FBBF1C3965C700CAD019 /* Assets.xcassets */; };
		F7C4FBC31C3965C700CAD019 /* LaunchScreen.storyboard in Resources */ = {isa = PBXBuildFile; fileRef = F7C4FBC11C3965C700CAD019 /* LaunchScreen.storyboard */; };
		F7C4FBCB1C3965EA00CAD019 /* Datos.swift in Sources */ = {isa = PBXBuildFile; fileRef = F7C4FBCA1C3965EA00CAD019 /* Datos.swift */; };
		F7C4FBCD1C39725500CAD019 /* ColoresStruct.swift in Sources */ = {isa = PBXBuildFile; fileRef = F7C4FBCC1C39725500CAD019 /* ColoresStruct.swift */; };
/* End PBXBuildFile section */

/* Begin PBXFileReference section */
		F7C4FBB51C3965C700CAD019 /* Hamburguesas.app */ = {isa = PBXFileReference; explicitFileType = wrapper.application; includeInIndex = 0; path = Hamburguesas.app; sourceTree = BUILT_PRODUCTS_DIR; };
		F7C4FBB81C3965C700CAD019 /* AppDelegate.swift */ = {isa = PBXFileReference; lastKnownFileType = sourcecode.swift; path = AppDelegate.swift; sourceTree = "<group>"; };
		F7C4FBBA1C3965C700CAD019 /* ViewController.swift */ = {isa = PBXFileReference; lastKnownFileType = sourcecode.swift; path = ViewController.swift; sourceTree = "<group>"; };
		F7C4FBBD1C3965C700CAD019 /* Base */ = {isa = PBXFileReference; lastKnownFileType = file.storyboard; name = Base; path = Base.lproj/Main.storyboard; sourceTree = "<group>"; };
		F7C4FBBF1C3965C700CAD019 /* Assets.xcassets */ = {isa = PBXFileReference; lastKnownFileType = folder.assetcatalog; path = Assets.xcassets; sourceTree = "<group>"; };
		F7C4FBC21C3965C700CAD019 /* Base */ = {isa = PBXFileReference; lastKnownFileType = file.storyboard; name = Base; path = Base.lproj/LaunchScreen.storyboard; sourceTree = "<group>"; };
		F7C4FBC41C3965C700CAD019 /* Info.plist */ = {isa = PBXFileReference; lastKnownFileType = text.plist.xml; path = Info.plist; sourceTree = "<group>"; };
		F7C4FBCA1C3965EA00CAD019 /* Datos.swift */ = {isa = PBXFileReference; fileEncoding = 4; lastKnownFileType = sourcecode.swift; path = Datos.swift; sourceTree = "<group>"; };
		F7C4FBCC1C39725500CAD019 /* ColoresStruct.swift */ = {isa = PBXFileReference; fileEncoding = 4; lastKnownFileType = sourcecode.swift; path = ColoresStruct.swift; sourceTree = "<group>"; };
/* End PBXFileReference section */

/* Begin PBXFrameworksBuildPhase section */
		F7C4FBB21C3965C700CAD019 /* Frameworks */ = {
			isa = PBXFrameworksBuildPhase;
			buildActionMask = 2147483647;
			files = (
			);
			runOnlyForDeploymentPostprocessing = 0;
		};
/* End PBXFrameworksBuildPhase section */

/* Begin PBXGroup section */
		F7C4FBAC1C3965C700CAD019 = {
			isa = PBXGroup;
			children = (
				F7C4FBB71C3965C700CAD019 /* Hamburguesas */,
				F7C4FBB61C3965C700CAD019 /* Products */,
			);
			sourceTree = "<group>";
		};
		F7C4FBB61C3965C700CAD019 /* Products */ = {
			isa = PBXGroup;
			children = (
				F7C4FBB51C3965C700CAD019 /* Hamburguesas.app */,
			);
			name = Products;
			sourceTree = "<group>";
		};
		F7C4FBB71C3965C700CAD019 /* Hamburguesas */ = {
			isa = PBXGroup;
			children = (
				F7C4FBB81C3965C700CAD019 /* AppDelegate.swift */,
				F7C4FBBA1C3965C700CAD019 /* ViewController.swift */,
				F7C4FBBC1C3965C700CAD019 /* Main.storyboard */,
				F7C4FBBF1C3965C700CAD019 /* Assets.xcassets */,
				F7C4FBC11C3965C700CAD019 /* LaunchScreen.storyboard */,
				F7C4FBC41C3965C700CAD019 /* Info.plist */,
				F7C4FBCA1C3965EA00CAD019 /* Datos.swift */,
				F7C4FBCC1C39725500CAD019 /* ColoresStruct.swift */,
			);
			path = Hamburguesas;
			sourceTree = "<group>";
		};
/* End PBXGroup section */

/* Begin PBXNativeTarget section */
		F7C4FBB41C3965C700CAD019 /* Hamburguesas */ = {
			isa = PBXNativeTarget;
			buildConfigurationList = F7C4FBC71C3965C700CAD019 /* Build configuration list for PBXNativeTarget "Hamburguesas" */;
			buildPhases = (
				F7C4FBB11C3965C700CAD019 /* Sources */,
				F7C4FBB21C3965C700CAD019 /* Frameworks */,
				F7C4FBB31C3965C700CAD019 /* Resources */,
			);
			buildRules = (
			);
			dependencies = (
			);
			name = Hamburguesas;
			productName = Hamburguesas;
			productReference = F7C4FBB51C3965C700CAD019 /* Hamburguesas.app */;
			productType = "com.apple.product-type.application";
		};
/* End PBXNativeTarget section */

/* Begin PBXProject section */
		F7C4FBAD1C3965C700CAD019 /* Project object */ = {
			isa = PBXProject;
			attributes = {
				LastSwiftUpdateCheck = 0710;
				LastUpgradeCheck = 0710;
				ORGANIZATIONNAME = "Carlos Hidalgo";
				TargetAttributes = {
					F7C4FBB41C3965C700CAD019 = {
						CreatedOnToolsVersion = 7.1.1;
					};
				};
			};
			buildConfigurationList = F7C4FBB01C3965C700CAD019 /* Build configuration list for PBXProject "Hamburguesas" */;
			compatibilityVersion = "Xcode 3.2";
			developmentRegion = English;
			hasScannedForEncodings = 0;
			knownRegions = (
				en,
				Base,
			);
			mainGroup = F7C4FBAC1C3965C700CAD019;
			productRefGroup = F7C4FBB61C3965C700CAD019 /* Products */;
			projectDirPath = "";
			projectRoot = "";
			targets = (
				F7C4FBB41C3965C700CAD019 /* Hamburguesas */,
			);
		};
/* End PBXProject section */

/* Begin PBXResourcesBuildPhase section */
		F7C4FBB31C3965C700CAD019 /* Resources */ = {
			isa = PBXResourcesBuildPhase;
			buildActionMask = 2147483647;
			files = (
				F7C4FBC31C3965C700CAD019 /* LaunchScreen.storyboard in Resources */,
				F7C4FBC01C3965C700CAD019 /* Assets.xcassets in Resources */,
				F7C4FBBE1C3965C700CAD019 /* Main.storyboard in Resources */,
			);
			runOnlyForDeploymentPostprocessing = 0;
		};
/* End PBXResourcesBuildPhase section */

/* Begin PBXSourcesBuildPhase section */
		F7C4FBB11C3965C700CAD019 /* Sources */ = {
			isa = PBXSourcesBuildPhase;
			buildActionMask = 2147483647;
			files = (
				F7C4FBBB1C3965C700CAD019 /* ViewController.swift in Sources */,
				F7C4FBB91C3965C700CAD019 /* AppDelegate.swift in Sources */,
				F7C4FBCD1C39725500CAD019 /* ColoresStruct.swift in Sources */,
				F7C4FBCB1C3965EA00CAD019 /* Datos.swift in Sources */,
			);
			runOnlyForDeploymentPostprocessing = 0;
		};
/* End PBXSourcesBuildPhase section */

/* Begin PBXVariantGroup section */
		F7C4FBBC1C3965C700CAD019 /* Main.storyboard */ = {
			isa = PBXVariantGroup;
			children = (
				F7C4FBBD1C3965C700CAD019 /* Base */,
			);
			name = Main.storyboard;
			sourceTree = "<group>";
		};
		F7C4FBC11C3965C700CAD019 /* LaunchScreen.storyboard */ = {
			isa = PBXVariantGroup;
			children = (
				F7C4FBC21C3965C700CAD019 /* Base */,
			);
			name = LaunchScreen.storyboard;
			sourceTree = "<group>";
		};
/* End PBXVariantGroup section */

/* Begin XCBuildConfiguration section */
		F7C4FBC51C3965C700CAD019 /* Debug */ = {
			isa = XCBuildConfiguration;
			buildSettings = {
				ALWAYS_SEARCH_USER_PATHS = NO;
				CLANG_CXX_LANGUAGE_STANDARD = "gnu++0x";
				CLANG_CXX_LIBRARY = "libc++";
				CLANG_ENABLE_MODULES = YES;
				CLANG_ENABLE_OBJC_ARC = YES;
				CLANG_WARN_BOOL_CONVERSION = YES;
				CLANG_WARN_CONSTANT_CONVERSION = YES;
				CLANG_WARN_DIRECT_OBJC_ISA_USAGE = YES_ERROR;
				CLANG_WARN_EMPTY_BODY = YES;
				CLANG_WARN_ENUM_CONVERSION = YES;
				CLANG_WARN_INT_CONVERSION = YES;
				CLANG_WARN_OBJC_ROOT_CLASS = YES_ERROR;
				CLANG_WARN_UNREACHABLE_CODE = YES;
				CLANG_WARN__DUPLICATE_METHOD_MATCH = YES;
				"CODE_SIGN_IDENTITY[sdk=iphoneos*]" = "iPhone Developer";
				COPY_PHASE_STRIP = NO;
				DEBUG_INFORMATION_FORMAT = dwarf;
				ENABLE_STRICT_OBJC_MSGSEND = YES;
				ENABLE_TESTABILITY = YES;
				GCC_C_LANGUAGE_STANDARD = gnu99;
				GCC_DYNAMIC_NO_PIC = NO;
				GCC_NO_COMMON_BLOCKS = YES;
				GCC_OPTIMIZATION_LEVEL = 0;
				GCC_PREPROCESSOR_DEFINITIONS = (
					"DEBUG=1",
					"$(inherited)",
				);
				GCC_WARN_64_TO_32_BIT_CONVERSION = YES;
				GCC_WARN_ABOUT_RETURN_TYPE = YES_ERROR;
				GCC_WARN_UNDECLARED_SELECTOR = YES;
				GCC_WARN_UNINITIALIZED_AUTOS = YES_AGGRESSIVE;
				GCC_WARN_UNUSED_FUNCTION = YES;
				GCC_WARN_UNUSED_VARIABLE = YES;
				IPHONEOS_DEPLOYMENT_TARGET = 9.1;
				MTL_ENABLE_DEBUG_INFO = YES;
				ONLY_ACTIVE_ARCH = YES;
				SDKROOT = iphoneos;
				SWIFT_OPTIMIZATION_LEVEL = "-Onone";
			};
			name = Debug;
		};
		F7C4FBC61C3965C700CAD019 /* Release */ = {
			isa = XCBuildConfiguration;
			buildSettings = {
				ALWAYS_SEARCH_USER_PATHS = NO;
				CLANG_CXX_LANGUAGE_STANDARD = "gnu++0x";
				CLANG_CXX_LIBRARY = "libc++";
				CLANG_ENABLE_MODULES = YES;
				CLANG_ENABLE_OBJC_ARC = YES;
				CLANG_WARN_BOOL_CONVERSION = YES;
				CLANG_WARN_CONSTANT_CONVERSION = YES;
				CLANG_WARN_DIRECT_OBJC_ISA_USAGE = YES_ERROR;
				CLANG_WARN_EMPTY_BODY = YES;
				CLANG_WARN_ENUM_CONVERSION = YES;
				CLANG_WARN_INT_CONVERSION = YES;
				CLANG_WARN_OBJC_ROOT_CLASS = YES_ERROR;
				CLANG_WARN_UNREACHABLE_CODE = YES;
				CLANG_WARN__DUPLICATE_METHOD_MATCH = YES;
				"CODE_SIGN_IDENTITY[sdk=iphoneos*]" = "iPhone Developer";
				COPY_PHASE_STRIP = NO;
				DEBUG_INFORMATION_FORMAT = "dwarf-with-dsym";
				ENABLE_NS_ASSERTIONS = NO;
				ENABLE_STRICT_OBJC_MSGSEND = YES;
				GCC_C_LANGUAGE_STANDARD = gnu99;
				GCC_NO_COMMON_BLOCKS = YES;
				GCC_WARN_64_TO_32_BIT_CONVERSION = YES;
				GCC_WARN_ABOUT_RETURN_TYPE = YES_ERROR;
				GCC_WARN_UNDECLARED_SELECTOR = YES;
				GCC_WARN_UNINITIALIZED_AUTOS = YES_AGGRESSIVE;
				GCC_WARN_UNUSED_FUNCTION = YES;
				GCC_WARN_UNUSED_VARIABLE = YES;
				IPHONEOS_DEPLOYMENT_TARGET = 9.1;
				MTL_ENABLE_DEBUG_INFO = NO;
				SDKROOT = iphoneos;
				VALIDATE_PRODUCT = YES;
			};
			name = Release;
		};
		F7C4FBC81C3965C700CAD019 /* Debug */ = {
			isa = XCBuildConfiguration;
			buildSettings = {
				ASSETCATALOG_COMPILER_APPICON_NAME = AppIcon;
				CODE_SIGN_IDENTITY = "iPhone Developer";
				INFOPLIST_FILE = Hamburguesas/Info.plist;
				LD_RUNPATH_SEARCH_PATHS = "$(inherited) @executable_path/Frameworks";
				PRODUCT_BUNDLE_IDENTIFIER = es.CH.Hamburguesas;
				PRODUCT_NAME = "$(TARGET_NAME)";
				TARGETED_DEVICE_FAMILY = 1;
			};
			name = Debug;
		};
		F7C4FBC91C3965C700CAD019 /* Release */ = {
			isa = XCBuildConfiguration;
			buildSettings = {
				ASSETCATALOG_COMPILER_APPICON_NAME = AppIcon;
				CODE_SIGN_IDENTITY = "iPhone Developer";
				INFOPLIST_FILE = Hamburguesas/Info.plist;
				LD_RUNPATH_SEARCH_PATHS = "$(inherited) @executable_path/Frameworks";
				PRODUCT_BUNDLE_IDENTIFIER = es.CH.Hamburguesas;
				PRODUCT_NAME = "$(TARGET_NAME)";
				TARGETED_DEVICE_FAMILY = 1;
			};
			name = Release;
		};
/* End XCBuildConfiguration section */

/* Begin XCConfigurationList section */
		F7C4FBB01C3965C700CAD019 /* Build configuration list for PBXProject "Hamburguesas" */ = {
			isa = XCConfigurationList;
			buildConfigurations = (
				F7C4FBC51C3965C700CAD019 /* Debug */,
				F7C4FBC61C3965C700CAD019 /* Release */,
			);
			defaultConfigurationIsVisible = 0;
			defaultConfigurationName = Release;
		};
		F7C4FBC71C3965C700CAD019 /* Build configuration list for PBXNativeTarget "Hamburguesas" */ = {
			isa = XCConfigurationList;
			buildConfigurations = (
				F7C4FBC81C3965C700CAD019 /* Debug */,
				F7C4FBC91C3965C700CAD019 /* Release */,
			);
			defaultConfigurationIsVisible = 0;
		};
/* End XCConfigurationList section */
	};
	rootObject = F7C4FBAD1C3965C700CAD019 /* Project object */;
}
